// !$*UTF8*$!
{
	archiveVersion = 1;
	classes = {
	};
	objectVersion = 46;
	objects = {

/* Begin PBXBuildFile section */
		5B223A941EF81CEF00EE5922 /* AppDelegate.swift in Sources */ = {isa = PBXBuildFile; fileRef = 5B223A931EF81CEF00EE5922 /* AppDelegate.swift */; };
		5B223A961EF81CEF00EE5922 /* ViewController.swift in Sources */ = {isa = PBXBuildFile; fileRef = 5B223A951EF81CEF00EE5922 /* ViewController.swift */; };
		5B223A991EF81CEF00EE5922 /* Main.storyboard in Resources */ = {isa = PBXBuildFile; fileRef = 5B223A971EF81CEF00EE5922 /* Main.storyboard */; };
		5B223A9B1EF81CEF00EE5922 /* Assets.xcassets in Resources */ = {isa = PBXBuildFile; fileRef = 5B223A9A1EF81CEF00EE5922 /* Assets.xcassets */; };
		5B223A9E1EF81CEF00EE5922 /* LaunchScreen.storyboard in Resources */ = {isa = PBXBuildFile; fileRef = 5B223A9C1EF81CEF00EE5922 /* LaunchScreen.storyboard */; };
		5B223AAE1EF81E9D00EE5922 /* NSString+Sha1.m in Sources */ = {isa = PBXBuildFile; fileRef = 5B223AA81EF81E9D00EE5922 /* NSString+Sha1.m */; };
		5B223AAF1EF81E9D00EE5922 /* Reachability.m in Sources */ = {isa = PBXBuildFile; fileRef = 5B223AAA1EF81E9D00EE5922 /* Reachability.m */; };
		5B223AB01EF81E9D00EE5922 /* RNCachingURLProtocol.m in Sources */ = {isa = PBXBuildFile; fileRef = 5B223AAC1EF81E9D00EE5922 /* RNCachingURLProtocol.m */; };
		5B223AB21EF82B7900EE5922 /* ListTableViewController.swift in Sources */ = {isa = PBXBuildFile; fileRef = 5B223AB11EF82B7900EE5922 /* ListTableViewController.swift */; };
/* End PBXBuildFile section */

/* Begin PBXFileReference section */
		5B223A901EF81CEF00EE5922 /* SwiftDummyPocket.app */ = {isa = PBXFileReference; explicitFileType = wrapper.application; includeInIndex = 0; path = SwiftDummyPocket.app; sourceTree = BUILT_PRODUCTS_DIR; };
		5B223A931EF81CEF00EE5922 /* AppDelegate.swift */ = {isa = PBXFileReference; lastKnownFileType = sourcecode.swift; path = AppDelegate.swift; sourceTree = "<group>"; };
		5B223A951EF81CEF00EE5922 /* ViewController.swift */ = {isa = PBXFileReference; lastKnownFileType = sourcecode.swift; path = ViewController.swift; sourceTree = "<group>"; };
		5B223A981EF81CEF00EE5922 /* Base */ = {isa = PBXFileReference; lastKnownFileType = file.storyboard; name = Base; path = Base.lproj/Main.storyboard; sourceTree = "<group>"; };
		5B223A9A1EF81CEF00EE5922 /* Assets.xcassets */ = {isa = PBXFileReference; lastKnownFileType = folder.assetcatalog; path = Assets.xcassets; sourceTree = "<group>"; };
		5B223A9D1EF81CEF00EE5922 /* Base */ = {isa = PBXFileReference; lastKnownFileType = file.storyboard; name = Base; path = Base.lproj/LaunchScreen.storyboard; sourceTree = "<group>"; };
		5B223A9F1EF81CEF00EE5922 /* Info.plist */ = {isa = PBXFileReference; lastKnownFileType = text.plist.xml; path = Info.plist; sourceTree = "<group>"; };
		5B223AA61EF81E9C00EE5922 /* SwiftDummyPocket-Bridging-Header.h */ = {isa = PBXFileReference; lastKnownFileType = sourcecode.c.h; path = "SwiftDummyPocket-Bridging-Header.h"; sourceTree = "<group>"; };
		5B223AA71EF81E9D00EE5922 /* NSString+Sha1.h */ = {isa = PBXFileReference; fileEncoding = 4; lastKnownFileType = sourcecode.c.h; path = "NSString+Sha1.h"; sourceTree = "<group>"; };
		5B223AA81EF81E9D00EE5922 /* NSString+Sha1.m */ = {isa = PBXFileReference; fileEncoding = 4; lastKnownFileType = sourcecode.c.objc; path = "NSString+Sha1.m"; sourceTree = "<group>"; };
		5B223AA91EF81E9D00EE5922 /* Reachability.h */ = {isa = PBXFileReference; fileEncoding = 4; lastKnownFileType = sourcecode.c.h; path = Reachability.h; sourceTree = "<group>"; };
		5B223AAA1EF81E9D00EE5922 /* Reachability.m */ = {isa = PBXFileReference; fileEncoding = 4; lastKnownFileType = sourcecode.c.objc; path = Reachability.m; sourceTree = "<group>"; };
		5B223AAB1EF81E9D00EE5922 /* RNCachingURLProtocol.h */ = {isa = PBXFileReference; fileEncoding = 4; lastKnownFileType = sourcecode.c.h; path = RNCachingURLProtocol.h; sourceTree = "<group>"; };
		5B223AAC1EF81E9D00EE5922 /* RNCachingURLProtocol.m */ = {isa = PBXFileReference; fileEncoding = 4; lastKnownFileType = sourcecode.c.objc; path = RNCachingURLProtocol.m; sourceTree = "<group>"; };
		5B223AAD1EF81E9D00EE5922 /* SwiftPocket-Bridging-Header.h */ = {isa = PBXFileReference; fileEncoding = 4; lastKnownFileType = sourcecode.c.h; path = "SwiftPocket-Bridging-Header.h"; sourceTree = "<group>"; };
		5B223AB11EF82B7900EE5922 /* ListTableViewController.swift */ = {isa = PBXFileReference; fileEncoding = 4; lastKnownFileType = sourcecode.swift; name = ListTableViewController.swift; path = Controllers/ListTableViewController.swift; sourceTree = "<group>"; };
/* End PBXFileReference section */

/* Begin PBXFrameworksBuildPhase section */
		5B223A8D1EF81CEF00EE5922 /* Frameworks */ = {
			isa = PBXFrameworksBuildPhase;
			buildActionMask = 2147483647;
			files = (
			);
			runOnlyForDeploymentPostprocessing = 0;
		};
/* End PBXFrameworksBuildPhase section */

/* Begin PBXGroup section */
		5B223A871EF81CEF00EE5922 = {
			isa = PBXGroup;
			children = (
				5B223A921EF81CEF00EE5922 /* SwiftDummyPocket */,
				5B223A911EF81CEF00EE5922 /* Products */,
			);
			sourceTree = "<group>";
		};
		5B223A911EF81CEF00EE5922 /* Products */ = {
			isa = PBXGroup;
			children = (
				5B223A901EF81CEF00EE5922 /* SwiftDummyPocket.app */,
			);
			name = Products;
			sourceTree = "<group>";
		};
		5B223A921EF81CEF00EE5922 /* SwiftDummyPocket */ = {
			isa = PBXGroup;
			children = (
				5B223AA51EF81E5D00EE5922 /* vendor */,
				5B223A931EF81CEF00EE5922 /* AppDelegate.swift */,
				5B223AB31EF82B9500EE5922 /* Controllers */,
				5B223A971EF81CEF00EE5922 /* Main.storyboard */,
				5B223A9A1EF81CEF00EE5922 /* Assets.xcassets */,
				5B223A9C1EF81CEF00EE5922 /* LaunchScreen.storyboard */,
				5B223A9F1EF81CEF00EE5922 /* Info.plist */,
			);
			path = SwiftDummyPocket;
			sourceTree = "<group>";
		};
		5B223AA51EF81E5D00EE5922 /* vendor */ = {
			isa = PBXGroup;
			children = (
				5B223AA71EF81E9D00EE5922 /* NSString+Sha1.h */,
				5B223AA81EF81E9D00EE5922 /* NSString+Sha1.m */,
				5B223AA91EF81E9D00EE5922 /* Reachability.h */,
				5B223AAA1EF81E9D00EE5922 /* Reachability.m */,
				5B223AAB1EF81E9D00EE5922 /* RNCachingURLProtocol.h */,
				5B223AAC1EF81E9D00EE5922 /* RNCachingURLProtocol.m */,
				5B223AAD1EF81E9D00EE5922 /* SwiftPocket-Bridging-Header.h */,
				5B223AA61EF81E9C00EE5922 /* SwiftDummyPocket-Bridging-Header.h */,
			);
			name = vendor;
			sourceTree = "<group>";
		};
		5B223AB31EF82B9500EE5922 /* Controllers */ = {
			isa = PBXGroup;
			children = (
				5B223A951EF81CEF00EE5922 /* ViewController.swift */,
				5B223AB11EF82B7900EE5922 /* ListTableViewController.swift */,
			);
			name = Controllers;
			sourceTree = "<group>";
		};
/* End PBXGroup section */

/* Begin PBXNativeTarget section */
		5B223A8F1EF81CEF00EE5922 /* SwiftDummyPocket */ = {
			isa = PBXNativeTarget;
			buildConfigurationList = 5B223AA21EF81CEF00EE5922 /* Build configuration list for PBXNativeTarget "SwiftDummyPocket" */;
			buildPhases = (
				5B223A8C1EF81CEF00EE5922 /* Sources */,
				5B223A8D1EF81CEF00EE5922 /* Frameworks */,
				5B223A8E1EF81CEF00EE5922 /* Resources */,
			);
			buildRules = (
			);
			dependencies = (
			);
			name = SwiftDummyPocket;
			productName = SwiftDummyPocket;
			productReference = 5B223A901EF81CEF00EE5922 /* SwiftDummyPocket.app */;
			productType = "com.apple.product-type.application";
		};
/* End PBXNativeTarget section */

/* Begin PBXProject section */
		5B223A881EF81CEF00EE5922 /* Project object */ = {
			isa = PBXProject;
			attributes = {
				LastSwiftUpdateCheck = 0830;
				LastUpgradeCheck = 0830;
				ORGANIZATIONNAME = Yuji;
				TargetAttributes = {
					5B223A8F1EF81CEF00EE5922 = {
						CreatedOnToolsVersion = 8.3.3;
						DevelopmentTeam = MGHH4PP8LQ;
						LastSwiftMigration = 0830;
						ProvisioningStyle = Automatic;
					};
				};
			};
			buildConfigurationList = 5B223A8B1EF81CEF00EE5922 /* Build configuration list for PBXProject "SwiftDummyPocket" */;
			compatibilityVersion = "Xcode 3.2";
			developmentRegion = English;
			hasScannedForEncodings = 0;
			knownRegions = (
				en,
				Base,
			);
			mainGroup = 5B223A871EF81CEF00EE5922;
			productRefGroup = 5B223A911EF81CEF00EE5922 /* Products */;
			projectDirPath = "";
			projectRoot = "";
			targets = (
				5B223A8F1EF81CEF00EE5922 /* SwiftDummyPocket */,
			);
		};
/* End PBXProject section */

/* Begin PBXResourcesBuildPhase section */
		5B223A8E1EF81CEF00EE5922 /* Resources */ = {
			isa = PBXResourcesBuildPhase;
			buildActionMask = 2147483647;
			files = (
				5B223A9E1EF81CEF00EE5922 /* LaunchScreen.storyboard in Resources */,
				5B223A9B1EF81CEF00EE5922 /* Assets.xcassets in Resources */,
				5B223A991EF81CEF00EE5922 /* Main.storyboard in Resources */,
			);
			runOnlyForDeploymentPostprocessing = 0;
		};
/* End PBXResourcesBuildPhase section */

/* Begin PBXSourcesBuildPhase section */
		5B223A8C1EF81CEF00EE5922 /* Sources */ = {
			isa = PBXSourcesBuildPhase;
			buildActionMask = 2147483647;
			files = (
				5B223A961EF81CEF00EE5922 /* ViewController.swift in Sources */,
				5B223AAE1EF81E9D00EE5922 /* NSString+Sha1.m in Sources */,
				5B223AB01EF81E9D00EE5922 /* RNCachingURLProtocol.m in Sources */,
				5B223AB21EF82B7900EE5922 /* ListTableViewController.swift in Sources */,
				5B223AAF1EF81E9D00EE5922 /* Reachability.m in Sources */,
				5B223A941EF81CEF00EE5922 /* AppDelegate.swift in Sources */,
			);
			runOnlyForDeploymentPostprocessing = 0;
		};
/* End PBXSourcesBuildPhase section */

/* Begin PBXVariantGroup section */
		5B223A971EF81CEF00EE5922 /* Main.storyboard */ = {
			isa = PBXVariantGroup;
			children = (
				5B223A981EF81CEF00EE5922 /* Base */,
			);
			name = Main.storyboard;
			sourceTree = "<group>";
		};
		5B223A9C1EF81CEF00EE5922 /* LaunchScreen.storyboard */ = {
			isa = PBXVariantGroup;
			children = (
				5B223A9D1EF81CEF00EE5922 /* Base */,
			);
			name = LaunchScreen.storyboard;
			sourceTree = "<group>";
		};
/* End PBXVariantGroup section */

/* Begin XCBuildConfiguration section */
		5B223AA01EF81CEF00EE5922 /* Debug */ = {
			isa = XCBuildConfiguration;
			buildSettings = {
				ALWAYS_SEARCH_USER_PATHS = NO;
				CLANG_ANALYZER_NONNULL = YES;
				CLANG_ANALYZER_NUMBER_OBJECT_CONVERSION = YES_AGGRESSIVE;
				CLANG_CXX_LANGUAGE_STANDARD = "gnu++0x";
				CLANG_CXX_LIBRARY = "libc++";
				CLANG_ENABLE_MODULES = YES;
				CLANG_ENABLE_OBJC_ARC = YES;
				CLANG_WARN_BOOL_CONVERSION = YES;
				CLANG_WARN_CONSTANT_CONVERSION = YES;
				CLANG_WARN_DIRECT_OBJC_ISA_USAGE = YES_ERROR;
				CLANG_WARN_DOCUMENTATION_COMMENTS = YES;
				CLANG_WARN_EMPTY_BODY = YES;
				CLANG_WARN_ENUM_CONVERSION = YES;
				CLANG_WARN_INFINITE_RECURSION = YES;
				CLANG_WARN_INT_CONVERSION = YES;
				CLANG_WARN_OBJC_ROOT_CLASS = YES_ERROR;
				CLANG_WARN_SUSPICIOUS_MOVE = YES;
				CLANG_WARN_UNREACHABLE_CODE = YES;
				CLANG_WARN__DUPLICATE_METHOD_MATCH = YES;
				"CODE_SIGN_IDENTITY[sdk=iphoneos*]" = "iPhone Developer";
				COPY_PHASE_STRIP = NO;
				DEBUG_INFORMATION_FORMAT = dwarf;
				ENABLE_STRICT_OBJC_MSGSEND = YES;
				ENABLE_TESTABILITY = YES;
				GCC_C_LANGUAGE_STANDARD = gnu99;
				GCC_DYNAMIC_NO_PIC = NO;
				GCC_NO_COMMON_BLOCKS = YES;
				GCC_OPTIMIZATION_LEVEL = 0;
				GCC_PREPROCESSOR_DEFINITIONS = (
					"DEBUG=1",
					"$(inherited)",
				);
				GCC_WARN_64_TO_32_BIT_CONVERSION = YES;
				GCC_WARN_ABOUT_RETURN_TYPE = YES_ERROR;
				GCC_WARN_UNDECLARED_SELECTOR = YES;
				GCC_WARN_UNINITIALIZED_AUTOS = YES_AGGRESSIVE;
				GCC_WARN_UNUSED_FUNCTION = YES;
				GCC_WARN_UNUSED_VARIABLE = YES;
				IPHONEOS_DEPLOYMENT_TARGET = 10.3;
				MTL_ENABLE_DEBUG_INFO = YES;
				ONLY_ACTIVE_ARCH = YES;
				SDKROOT = iphoneos;
				SWIFT_ACTIVE_COMPILATION_CONDITIONS = DEBUG;
				SWIFT_OPTIMIZATION_LEVEL = "-Onone";
			};
			name = Debug;
		};
		5B223AA11EF81CEF00EE5922 /* Release */ = {
			isa = XCBuildConfiguration;
			buildSettings = {
				ALWAYS_SEARCH_USER_PATHS = NO;
				CLANG_ANALYZER_NONNULL = YES;
				CLANG_ANALYZER_NUMBER_OBJECT_CONVERSION = YES_AGGRESSIVE;
				CLANG_CXX_LANGUAGE_STANDARD = "gnu++0x";
				CLANG_CXX_LIBRARY = "libc++";
				CLANG_ENABLE_MODULES = YES;
				CLANG_ENABLE_OBJC_ARC = YES;
				CLANG_WARN_BOOL_CONVERSION = YES;
				CLANG_WARN_CONSTANT_CONVERSION = YES;
				CLANG_WARN_DIRECT_OBJC_ISA_USAGE = YES_ERROR;
				CLANG_WARN_DOCUMENTATION_COMMENTS = YES;
				CLANG_WARN_EMPTY_BODY = YES;
				CLANG_WARN_ENUM_CONVERSION = YES;
				CLANG_WARN_INFINITE_RECURSION = YES;
				CLANG_WARN_INT_CONVERSION = YES;
				CLANG_WARN_OBJC_ROOT_CLASS = YES_ERROR;
				CLANG_WARN_SUSPICIOUS_MOVE = YES;
				CLANG_WARN_UNREACHABLE_CODE = YES;
				CLANG_WARN__DUPLICATE_METHOD_MATCH = YES;
				"CODE_SIGN_IDENTITY[sdk=iphoneos*]" = "iPhone Developer";
				COPY_PHASE_STRIP = NO;
				DEBUG_INFORMATION_FORMAT = "dwarf-with-dsym";
				ENABLE_NS_ASSERTIONS = NO;
				ENABLE_STRICT_OBJC_MSGSEND = YES;
				GCC_C_LANGUAGE_STANDARD = gnu99;
				GCC_NO_COMMON_BLOCKS = YES;
				GCC_WARN_64_TO_32_BIT_CONVERSION = YES;
				GCC_WARN_ABOUT_RETURN_TYPE = YES_ERROR;
				GCC_WARN_UNDECLARED_SELECTOR = YES;
				GCC_WARN_UNINITIALIZED_AUTOS = YES_AGGRESSIVE;
				GCC_WARN_UNUSED_FUNCTION = YES;
				GCC_WARN_UNUSED_VARIABLE = YES;
				IPHONEOS_DEPLOYMENT_TARGET = 10.3;
				MTL_ENABLE_DEBUG_INFO = NO;
				SDKROOT = iphoneos;
				SWIFT_OPTIMIZATION_LEVEL = "-Owholemodule";
				VALIDATE_PRODUCT = YES;
			};
			name = Release;
		};
		5B223AA31EF81CEF00EE5922 /* Debug */ = {
			isa = XCBuildConfiguration;
			buildSettings = {
				ASSETCATALOG_COMPILER_APPICON_NAME = AppIcon;
				CLANG_ENABLE_MODULES = YES;
				DEVELOPMENT_TEAM = MGHH4PP8LQ;
				INFOPLIST_FILE = SwiftDummyPocket/Info.plist;
				LD_RUNPATH_SEARCH_PATHS = "$(inherited) @executable_path/Frameworks";
				PRODUCT_BUNDLE_IDENTIFIER = Yuji.SwiftDummyPocket;
				PRODUCT_NAME = "$(TARGET_NAME)";
				SWIFT_OBJC_BRIDGING_HEADER = "SwiftDummyPocket/SwiftDummyPocket-Bridging-Header.h";
				SWIFT_OPTIMIZATION_LEVEL = "-Onone";
				SWIFT_VERSION = 3.0;
			};
			name = Debug;
		};
		5B223AA41EF81CEF00EE5922 /* Release */ = {
			isa = XCBuildConfiguration;
			buildSettings = {
				ASSETCATALOG_COMPILER_APPICON_NAME = AppIcon;
				CLANG_ENABLE_MODULES = YES;
				DEVELOPMENT_TEAM = MGHH4PP8LQ;
				INFOPLIST_FILE = SwiftDummyPocket/Info.plist;
				LD_RUNPATH_SEARCH_PATHS = "$(inherited) @executable_path/Frameworks";
				PRODUCT_BUNDLE_IDENTIFIER = Yuji.SwiftDummyPocket;
				PRODUCT_NAME = "$(TARGET_NAME)";
				SWIFT_OBJC_BRIDGING_HEADER = "SwiftDummyPocket/SwiftDummyPocket-Bridging-Header.h";
				SWIFT_VERSION = 3.0;
			};
			name = Release;
		};
/* End XCBuildConfiguration section */

/* Begin XCConfigurationList section */
		5B223A8B1EF81CEF00EE5922 /* Build configuration list for PBXProject "SwiftDummyPocket" */ = {
			isa = XCConfigurationList;
			buildConfigurations = (
				5B223AA01EF81CEF00EE5922 /* Debug */,
				5B223AA11EF81CEF00EE5922 /* Release */,
			);
			defaultConfigurationIsVisible = 0;
			defaultConfigurationName = Release;
		};
		5B223AA21EF81CEF00EE5922 /* Build configuration list for PBXNativeTarget "SwiftDummyPocket" */ = {
			isa = XCConfigurationList;
			buildConfigurations = (
				5B223AA31EF81CEF00EE5922 /* Debug */,
				5B223AA41EF81CEF00EE5922 /* Release */,
			);
			defaultConfigurationIsVisible = 0;
		};
/* End XCConfigurationList section */
	};
	rootObject = 5B223A881EF81CEF00EE5922 /* Project object */;
}
